# This file is automatically @generated by Cargo.
# It is not intended for manual editing.
version = 4

[[package]]
name = "closer"
version = "0.1.0"

[[package]]
name = "collection"
version = "0.1.0"

[[package]]
name = "condition"
version = "0.1.0"

[[package]]
name = "data_type"
version = "0.1.0"

[[package]]
name = "error"
version = "0.1.0"

[[package]]
name = "http_server"
version = "0.1.0"

[[package]]
name = "implementation"
version = "0.1.0"

[[package]]
name = "loops"
version = "0.1.0"

[[package]]
name = "method"
version = "0.1.0"

[[package]]
name = "oop"
version = "0.1.0"

[[package]]
name = "ownership"
version = "0.1.0"

[[package]]
name = "reference"
version = "0.1.0"

[[package]]
name = "safety"
version = "0.1.0"

[[package]]
name = "smart_pointer"
version = "0.1.0"

[[package]]
name = "sock_tmout"
version = "0.1.0"

[[package]]
name = "socket"
version = "0.1.0"

[[package]]
name = "structure"
version = "0.1.0"

[[package]]
name = "thread"
version = "0.1.0"

[[package]]
name = "thread_pool"
version = "0.1.0"

[[package]]
name = "type_box"
version = "0.1.0"

[[package]]
name = "usafe"
version = "0.1.0"

[[package]]
name = "variables"
version = "0.1.0"

[[package]]
name = "visibility_modifiers"
version = "0.1.0"
